
Microsoft Visual Studio Solution File, Format Version 12.00
# Visual Studio Version 16
VisualStudioVersion = 16.0.34931.43
MinimumVisualStudioVersion = 10.0.40219.1
Project("{FAE04EC0-301F-11D3-BF4B-00C04F79EFBC}") = "Find_Replace_GUI", "Find_Replace_GUI\Find_Replace_GUI.csproj", "{EFF1C394-75FB-49E9-8A45-076A2F573B13}"
EndProject
Project("{2150E333-8FDC-42A3-9474-1A3956D46DE8}") = "Solution Items", "Solution Items", "{13C393FA-C8C5-46D3-A2EF-474021C107F8}"
	ProjectSection(SolutionItems) = preProject
		.gitignore = .gitignore
	EndProjectSection
EndProject
Global
	GlobalSection(SolutionConfigurationPlatforms) = preSolution
		Debug|Any CPU = Debug|Any CPU
		Release|Any CPU = Release|Any CPU
	EndGlobalSection
	GlobalSection(ProjectConfigurationPlatforms) = postSolution
		{EFF1C394-75FB-49E9-8A45-076A2F573B13}.Debug|Any CPU.ActiveCfg = Release|Any CPU
		{EFF1C394-75FB-49E9-8A45-076A2F573B13}.Release|Any CPU.ActiveCfg = Release|Any CPU
		{EFF1C394-75FB-49E9-8A45-076A2F573B13}.Release|Any CPU.Build.0 = Release|Any CPU
	EndGlobalSection
	GlobalSection(SolutionProperties) = preSolution
		HideSolutionNode = FALSE
	EndGlobalSection
	GlobalSection(ExtensibilityGlobals) = postSolution
		SolutionGuid = {85AA6D57-CB92-4D16-B522-F01AD6EFD552}
	EndGlobalSection
EndGlobal
